
Microsoft Visual Studio Solution File, Format Version 12.00
# Visual Studio 2013
VisualStudioVersion = 12.0.30501.0
MinimumVisualStudioVersion = 10.0.40219.1
Project("{FAE04EC0-301F-11D3-BF4B-00C04F79EFBC}") = "EJournalManager", "EJournalManager\EJournalManager.csproj", "{8562653A-12CB-4070-9E14-401D296E32A5}"
EndProject
Project("{FAE04EC0-301F-11D3-BF4B-00C04F79EFBC}") = "EJournalManager.Entity", "EJournalManager.Entity\EJournalManager.Entity.csproj", "{9126F93E-BC09-41F9-BAA4-BE5DB6A42C19}"
EndProject
Project("{FAE04EC0-301F-11D3-BF4B-00C04F79EFBC}") = "EJournalManager.Data", "EJournalManager.Data\EJournalManager.Data.csproj", "{978C22D1-A6BA-4DB5-91FB-DE005BFB262B}"
EndProject
Project("{FAE04EC0-301F-11D3-BF4B-00C04F79EFBC}") = "EJournalManager.Helper", "EJournalManager.Helper\EJournalManager.Helper.csproj", "{3C8C2E16-34F4-4F45-AE7D-A39C6479811C}"
EndProject
Global
	GlobalSection(SolutionConfigurationPlatforms) = preSolution
		Debug|Any CPU = Debug|Any CPU
		Release|Any CPU = Release|Any CPU
	EndGlobalSection
	GlobalSection(ProjectConfigurationPlatforms) = postSolution
		{8562653A-12CB-4070-9E14-401D296E32A5}.Debug|Any CPU.ActiveCfg = Debug|Any CPU
		{8562653A-12CB-4070-9E14-401D296E32A5}.Debug|Any CPU.Build.0 = Debug|Any CPU
		{8562653A-12CB-4070-9E14-401D296E32A5}.Release|Any CPU.ActiveCfg = Release|Any CPU
		{8562653A-12CB-4070-9E14-401D296E32A5}.Release|Any CPU.Build.0 = Release|Any CPU
		{9126F93E-BC09-41F9-BAA4-BE5DB6A42C19}.Debug|Any CPU.ActiveCfg = Debug|Any CPU
		{9126F93E-BC09-41F9-BAA4-BE5DB6A42C19}.Debug|Any CPU.Build.0 = Debug|Any CPU
		{9126F93E-BC09-41F9-BAA4-BE5DB6A42C19}.Release|Any CPU.ActiveCfg = Release|Any CPU
		{9126F93E-BC09-41F9-BAA4-BE5DB6A42C19}.Release|Any CPU.Build.0 = Release|Any CPU
		{978C22D1-A6BA-4DB5-91FB-DE005BFB262B}.Debug|Any CPU.ActiveCfg = Debug|Any CPU
		{978C22D1-A6BA-4DB5-91FB-DE005BFB262B}.Debug|Any CPU.Build.0 = Debug|Any CPU
		{978C22D1-A6BA-4DB5-91FB-DE005BFB262B}.Release|Any CPU.ActiveCfg = Release|Any CPU
		{978C22D1-A6BA-4DB5-91FB-DE005BFB262B}.Release|Any CPU.Build.0 = Release|Any CPU
		{3C8C2E16-34F4-4F45-AE7D-A39C6479811C}.Debug|Any CPU.ActiveCfg = Debug|Any CPU
		{3C8C2E16-34F4-4F45-AE7D-A39C6479811C}.Debug|Any CPU.Build.0 = Debug|Any CPU
		{3C8C2E16-34F4-4F45-AE7D-A39C6479811C}.Release|Any CPU.ActiveCfg = Release|Any CPU
		{3C8C2E16-34F4-4F45-AE7D-A39C6479811C}.Release|Any CPU.Build.0 = Release|Any CPU
	EndGlobalSection
	GlobalSection(SolutionProperties) = preSolution
		HideSolutionNode = FALSE
	EndGlobalSection
EndGlobal
